# THIS IS AN AUTOGENERATED FILE. DO NOT EDIT THIS FILE DIRECTLY.
# yarn lockfile v1


"@next/env@*":
  version "12.3.0"
  resolved "https://registry.yarnpkg.com/@next/env/-/env-12.3.0.tgz#85f971fdc668cc312342761057c59cb8ab1abadf"
  integrity sha512-PTJpjAFVbzBQ9xXpzMTroShvD5YDIIy46jQ7d4LrWpY+/5a8H90Tm8hE3Hvkc5RBRspVo7kvEOnqQms0A+2Q6w==
